
Microsoft Visual Studio Solution File, Format Version 12.00
# Visual Studio Version 17
VisualStudioVersion = 17.4.33205.214
MinimumVisualStudioVersion = 10.0.40219.1
Project("{FAE04EC0-301F-11D3-BF4B-00C04F79EFBC}") = "FirelloProject", "FirelloProject\FirelloProject.csproj", "{BA2609DE-365A-40AB-AEE0-DC3A3F9FA701}"
EndProject
Global
	GlobalSection(SolutionConfigurationPlatforms) = preSolution
		Debug|Any CPU = Debug|Any CPU
		Release|Any CPU = Release|Any CPU
	EndGlobalSection
	GlobalSection(ProjectConfigurationPlatforms) = postSolution
		{BA2609DE-365A-40AB-AEE0-DC3A3F9FA701}.Debug|Any CPU.ActiveCfg = Debug|Any CPU
		{BA2609DE-365A-40AB-AEE0-DC3A3F9FA701}.Debug|Any CPU.Build.0 = Debug|Any CPU
		{BA2609DE-365A-40AB-AEE0-DC3A3F9FA701}.Release|Any CPU.ActiveCfg = Release|Any CPU
		{BA2609DE-365A-40AB-AEE0-DC3A3F9FA701}.Release|Any CPU.Build.0 = Release|Any CPU
	EndGlobalSection
	GlobalSection(SolutionProperties) = preSolution
		HideSolutionNode = FALSE
	EndGlobalSection
	GlobalSection(ExtensibilityGlobals) = postSolution
		SolutionGuid = {009D7641-A9A1-4912-8F2A-AF8424AE5561}
	EndGlobalSection
EndGlobal
